<?xml version="1.0" encoding="utf-8"?>
<Project ToolsVersion="4.0" xmlns="http://schemas.microsoft.com/developer/msbuild/2003">
  <ItemGroup>
    <Filter Include="Source Files">
      <UniqueIdentifier>{4FC737F1-C7A5-4376-A066-2A32D752A2FF}</UniqueIdentifier>
      <Extensions>cpp;c;cc;cxx;def;odl;idl;hpj;bat;asm;asmx</Extensions>
    </Filter>
    <Filter Include="Header Files">
      <UniqueIdentifier>{93995380-89BD-4b04-88EB-625FBE52EBFB}</UniqueIdentifier>
      <Extensions>h;hpp;hxx;hm;inl;inc;xsd</Extensions>
    </Filter>
    <Filter Include="Resource Files">
      <UniqueIdentifier>{67DA6AB6-F800-4c08-8B7A-83BB121AAD01}</UniqueIdentifier>
      <Extensions>rc;ico;cur;bmp;dlg;rc2;rct;bin;rgs;gif;jpg;jpeg;jpe;resx;tiff;tif;png;wav;mfcribbon-ms</Extensions>
    </Filter>
    <Filter Include="Source Files\Components">
      <UniqueIdentifier>{132f2134-24c2-41f9-ac8d-573be2978e12}</UniqueIdentifier>
    </Filter>
    <Filter Include="Source Files\Core">
      <UniqueIdentifier>{30a56a66-4b9c-4c1c-9951-4e9164729b7c}</UniqueIdentifier>
    </Filter>
    <Filter Include="Source Files\Interfaces">
      <UniqueIdentifier>{388ead0b-ebff-4820-aa9c-dc3bbbaad5fb}</UniqueIdentifier>
    </Filter>
    <Filter Include="Source Files\Messages">
      <UniqueIdentifier>{78cd224b-aae4-4817-9f45-89a34a8ed318}</UniqueIdentifier>
    </Filter>
    <Filter Include="Source Files\States">
      <UniqueIdentifier>{dd53e65a-8994-42e8-ac49-9eefa22dfd59}</UniqueIdentifier>
    </Filter>
    <Filter Include="Source Files\Systems">
      <UniqueIdentifier>{b0bc07c4-d4da-47cc-aadb-22341e68c479}</UniqueIdentifier>
    </Filter>
    <Filter Include="Header Files\Components">
      <UniqueIdentifier>{404e2a84-6ea8-4b21-9b1c-0707281ea752}</UniqueIdentifier>
    </Filter>
    <Filter Include="Header Files\Core">
      <UniqueIdentifier>{67a143df-be04-4275-bb19-ab740609d7ee}</UniqueIdentifier>
    </Filter>
    <Filter Include="Header Files\Interfaces">
      <UniqueIdentifier>{e0404211-b7f6-4ed0-aabc-eff3a189909d}</UniqueIdentifier>
    </Filter>
    <Filter Include="Header Files\Messages">
      <UniqueIdentifier>{11172b94-7c06-498b-9c3a-effb3557bc19}</UniqueIdentifier>
    </Filter>
    <Filter Include="Header Files\States">
      <UniqueIdentifier>{557118d1-44f2-41d4-ac00-540bc9bb4e94}</UniqueIdentifier>
    </Filter>
    <Filter Include="Header Files\Systems">
      <UniqueIdentifier>{e8627fea-ff15-4e24-bcca-b9b9cd4ca9c3}</UniqueIdentifier>
    </Filter>
    <Filter Include="Header Files\Assert">
      <UniqueIdentifier>{45ddfe7e-9e81-4e22-a9ff-99b8e2fb33b1}</UniqueIdentifier>
    </Filter>
    <Filter Include="Header Files\Graphics">
      <UniqueIdentifier>{4e3dba51-c806-492f-be55-2b1b25c3895e}</UniqueIdentifier>
    </Filter>
    <Filter Include="Header Files\File">
      <UniqueIdentifier>{4c432341-7b54-4502-af70-105f895aec45}</UniqueIdentifier>
    </Filter>
    <Filter Include="Source Files\Assert">
      <UniqueIdentifier>{0ab54da2-341e-4a9a-bfae-29f8b2cc5e98}</UniqueIdentifier>
    </Filter>
    <Filter Include="Source Files\File">
      <UniqueIdentifier>{741793a8-be1b-4422-926f-0dfee779561a}</UniqueIdentifier>
    </Filter>
    <Filter Include="Header Files\Resources">
      <UniqueIdentifier>{21f6e12a-4ef7-4095-966b-992c85db14fe}</UniqueIdentifier>
    </Filter>
    <Filter Include="Source Files\Resources">
      <UniqueIdentifier>{49b42d46-a422-47cf-9cd0-b598dbe49f47}</UniqueIdentifier>
    </Filter>
    <Filter Include="Source Files\Graphics">
      <UniqueIdentifier>{27268743-02a7-4248-8b4a-2924a1273a96}</UniqueIdentifier>
    </Filter>
    <Filter Include="Header Files\Entities">
      <UniqueIdentifier>{cba24ab4-4bc5-4560-a07c-41358fbeca09}</UniqueIdentifier>
    </Filter>
    <Filter Include="Source Files\Entities">
      <UniqueIdentifier>{9cfb4b6d-24f6-47c2-b088-39fba1ae8681}</UniqueIdentifier>
    </Filter>
    <Filter Include="Source Files\Scene">
      <UniqueIdentifier>{8e95219e-05ea-4f92-bb90-b66d6ed93d56}</UniqueIdentifier>
    </Filter>
    <Filter Include="Header Files\Scripts">
      <UniqueIdentifier>{df061284-88f6-4ee7-86c1-39d0b76b0db4}</UniqueIdentifier>
    </Filter>
    <Filter Include="Source Files\Scripts">
      <UniqueIdentifier>{2daca971-054d-4bc4-9b3e-22b0a349a549}</UniqueIdentifier>
    </Filter>
    <Filter Include="Header Files\Scene">
      <UniqueIdentifier>{ee31f593-31da-44c2-b831-30b8b924bc51}</UniqueIdentifier>
    </Filter>
  </ItemGroup>
  <ItemGroup>
    <ClCompile Include="Code\main.cpp">
      <Filter>Source Files</Filter>
    </ClCompile>
    <ClCompile Include="Code\Components\DebugComponent.cpp">
      <Filter>Source Files\Components</Filter>
    </ClCompile>
    <ClCompile Include="Code\Core\Engine.cpp">
      <Filter>Source Files\Core</Filter>
    </ClCompile>
    <ClCompile Include="Code\Interfaces\IComponent.cpp">
      <Filter>Source Files\Interfaces</Filter>
    </ClCompile>
    <ClCompile Include="Code\Interfaces\IResource.cpp">
      <Filter>Source Files\Interfaces</Filter>
    </ClCompile>
    <ClCompile Include="Code\Interfaces\IState.cpp">
      <Filter>Source Files\Interfaces</Filter>
    </ClCompile>
    <ClCompile Include="Code\Messages\BaseMessage.cpp">
      <Filter>Source Files\Messages</Filter>
    </ClCompile>
    <ClCompile Include="Code\States\TestState.cpp">
      <Filter>Source Files\States</Filter>
    </ClCompile>
    <ClCompile Include="Code\Messages\MessageManager.cpp">
      <Filter>Source Files\Messages</Filter>
    </ClCompile>
    <ClCompile Include="Code\Assert\Assert.cpp">
      <Filter>Source Files\Assert</Filter>
    </ClCompile>
    <ClCompile Include="Code\File\FIleManager.cpp">
      <Filter>Source Files\File</Filter>
    </ClCompile>
    <ClCompile Include="Code\Components\ComponentManager.cpp">
      <Filter>Source Files\Components</Filter>
    </ClCompile>
    <ClCompile Include="Code\Components\Transform.cpp">
      <Filter>Source Files\Components</Filter>
    </ClCompile>
    <ClCompile Include="Code\Resources\Shader.cpp">
      <Filter>Source Files\Resources</Filter>
    </ClCompile>
    <ClCompile Include="Code\Graphics\GraphicsManager.cpp">
      <Filter>Source Files\Graphics</Filter>
    </ClCompile>
    <ClCompile Include="Code\Resources\ResourceManager.cpp">
      <Filter>Source Files\Resources</Filter>
    </ClCompile>
    <ClCompile Include="Code\Entities\GeneralEntity.cpp">
      <Filter>Source Files\Entities</Filter>
    </ClCompile>
    <ClCompile Include="Code\Interfaces\IEntity.cpp">
      <Filter>Source Files\Interfaces</Filter>
    </ClCompile>
    <ClCompile Include="Code\Entities\Camera.cpp">
      <Filter>Source Files\Entities</Filter>
    </ClCompile>
    <ClCompile Include="Code\Messages\PositionMessage.cpp">
      <Filter>Source Files\Messages</Filter>
    </ClCompile>
    <ClCompile Include="Code\Components\BasicKeyMovement.cpp">
      <Filter>Source Files\Components</Filter>
    </ClCompile>
    <ClCompile Include="Code\Systems\InputSystem.cpp">
      <Filter>Source Files\Systems</Filter>
    </ClCompile>
    <ClCompile Include="Code\Components\MousePoller.cpp">
      <Filter>Source Files\Components</Filter>
    </ClCompile>
    <ClCompile Include="Code\Scenes\SceneManager.cpp">
      <Filter>Source Files\Scene</Filter>
    </ClCompile>
    <ClCompile Include="Code\Resources\OBJModel.cpp">
      <Filter>Source Files\Resources</Filter>
    </ClCompile>
    <ClCompile Include="Code\Components\StaticMeshNoIndices.cpp">
      <Filter>Source Files\Components</Filter>
    </ClCompile>
    <ClCompile Include="Code\Components\StaticMesh.cpp">
      <Filter>Source Files\Components</Filter>
    </ClCompile>
    <ClCompile Include="..\Libs\jsoncpp\jsoncpp.cpp">
      <Filter>Source Files\Core</Filter>
    </ClCompile>
    <ClCompile Include="Code\Resources\JSONFile.cpp">
      <Filter>Source Files\Resources</Filter>
    </ClCompile>
    <ClCompile Include="..\Libs\TextureLoader\Bitmap.cpp">
      <Filter>Source Files\Core</Filter>
    </ClCompile>
    <ClCompile Include="Code\Resources\ImageTexture.cpp">
      <Filter>Source Files\Resources</Filter>
    </ClCompile>
    <ClCompile Include="Code\entities\Robot.cpp">
      <Filter>Source Files\Entities</Filter>
    </ClCompile>
    <ClCompile Include="Code\Components\BasicBone.cpp">
      <Filter>Source Files\Components</Filter>
    </ClCompile>
    <ClCompile Include="Code\Graphics\TextRender.cpp">
      <Filter>Source Files\Graphics</Filter>
    </ClCompile>
    <ClCompile Include="Code\Scripts\ScriptManager.cpp">
      <Filter>Source Files\Scripts</Filter>
    </ClCompile>
    <ClCompile Include="Code\Components\Script.cpp">
      <Filter>Source Files\Components</Filter>
    </ClCompile>
    <ClCompile Include="Code\Interfaces\IGPUResource.cpp">
      <Filter>Source Files\Interfaces</Filter>
    </ClCompile>
    <ClCompile Include="Code\Resources\GPUResourceManager.cpp">
      <Filter>Source Files\Resources</Filter>
    </ClCompile>
    <ClCompile Include="Code\Resources\GPUModel.cpp">
      <Filter>Source Files\Resources</Filter>
    </ClCompile>
    <ClCompile Include="Code\Resources\GPUTexture.cpp">
      <Filter>Source Files\Resources</Filter>
    </ClCompile>
    <ClCompile Include="Code\Components\MessageKeyMovement.cpp">
      <Filter>Source Files\Components</Filter>
    </ClCompile>
    <ClCompile Include="Code\Messages\KeyMessage.cpp">
      <Filter>Source Files\Messages</Filter>
    </ClCompile>
    <ClCompile Include="Code\Components\BoundingBox.cpp">
      <Filter>Source Files\Components</Filter>
    </ClCompile>
    <ClCompile Include="Code\Components\BoundingVolume.cpp">
      <Filter>Source Files\Components</Filter>
    </ClCompile>
    <ClCompile Include="Code\Systems\CollisionSystem.cpp">
      <Filter>Source Files\Systems</Filter>
    </ClCompile>
    <ClCompile Include="Code\Components\BoundingSphere.cpp">
      <Filter>Source Files\Components</Filter>
    </ClCompile>
    <ClCompile Include="Code\Components\BoundingBoxO.cpp">
      <Filter>Source Files\Components</Filter>
    </ClCompile>
    <ClCompile Include="Code\Components\BoundingCapsule.cpp">
      <Filter>Source Files\Components</Filter>
    </ClCompile>
    <ClCompile Include="Code\Messages\CollisionMessage.cpp">
      <Filter>Source Files\Messages</Filter>
    </ClCompile>
    <ClCompile Include="Code\Systems\PhysicsSystem.cpp">
      <Filter>Source Files\Systems</Filter>
    </ClCompile>
  </ItemGroup>
  <ItemGroup>
    <ClInclude Include="Code\Components\DebugComponent.h">
      <Filter>Header Files\Components</Filter>
    </ClInclude>
    <ClInclude Include="Code\Core\Engine.h">
      <Filter>Header Files\Core</Filter>
    </ClInclude>
    <ClInclude Include="Code\Interfaces\IComponent.h">
      <Filter>Header Files\Interfaces</Filter>
    </ClInclude>
    <ClInclude Include="Code\Interfaces\IResource.h">
      <Filter>Header Files\Interfaces</Filter>
    </ClInclude>
    <ClInclude Include="Code\Interfaces\IState.h">
      <Filter>Header Files\Interfaces</Filter>
    </ClInclude>
    <ClInclude Include="Code\Messages\BaseMessage.h">
      <Filter>Header Files\Messages</Filter>
    </ClInclude>
    <ClInclude Include="Code\Messages\MessageTypes.h">
      <Filter>Header Files\Messages</Filter>
    </ClInclude>
    <ClInclude Include="Code\States\TestState.h">
      <Filter>Header Files\States</Filter>
    </ClInclude>
    <ClInclude Include="Code\Messages\MessageManager.h">
      <Filter>Header Files\Messages</Filter>
    </ClInclude>
    <ClInclude Include="Code\Assert\Assert.h">
      <Filter>Header Files\Assert</Filter>
    </ClInclude>
    <ClInclude Include="Code\Graphics\GraphicsManager.h">
      <Filter>Header Files\Graphics</Filter>
    </ClInclude>
    <ClInclude Include="Code\File\FileManager.h">
      <Filter>Header Files\File</Filter>
    </ClInclude>
    <ClInclude Include="Code\Components\ComponentManager.h">
      <Filter>Header Files\Components</Filter>
    </ClInclude>
    <ClInclude Include="Code\Interfaces\IEntity.h">
      <Filter>Header Files\Interfaces</Filter>
    </ClInclude>
    <ClInclude Include="Code\Components\Transform.h">
      <Filter>Header Files\Components</Filter>
    </ClInclude>
    <ClInclude Include="Code\Resources\Shader.h">
      <Filter>Header Files\Resources</Filter>
    </ClInclude>
    <ClInclude Include="Code\Resources\ResourceManager.h">
      <Filter>Header Files\Resources</Filter>
    </ClInclude>
    <ClInclude Include="Code\Entities\GeneralEntity.h">
      <Filter>Header Files\Entities</Filter>
    </ClInclude>
    <ClInclude Include="Code\Entities\Camera.h">
      <Filter>Header Files\Entities</Filter>
    </ClInclude>
    <ClInclude Include="Code\Messages\PositionMessage.h">
      <Filter>Header Files\Messages</Filter>
    </ClInclude>
    <ClInclude Include="Code\Components\BasicKeyMovement.h">
      <Filter>Header Files\Components</Filter>
    </ClInclude>
    <ClInclude Include="Code\Systems\InputSystem.h">
      <Filter>Header Files\Systems</Filter>
    </ClInclude>
    <ClInclude Include="Code\Components\MousePoller.h">
      <Filter>Header Files\Components</Filter>
    </ClInclude>
    <ClInclude Include="Code\Scenes\SceneManager.h">
      <Filter>Header Files\Scene</Filter>
    </ClInclude>
    <ClInclude Include="Code\Scenes\SceneTypes.h">
      <Filter>Header Files\Scene</Filter>
    </ClInclude>
    <ClInclude Include="Code\Resources\OBJModel.h">
      <Filter>Header Files\Resources</Filter>
    </ClInclude>
    <ClInclude Include="Code\Components\StaticMeshNoIndices.h">
      <Filter>Header Files\Components</Filter>
    </ClInclude>
    <ClInclude Include="Code\Components\StaticMesh.h">
      <Filter>Header Files\Components</Filter>
    </ClInclude>
    <ClInclude Include="Code\Resources\JSONFile.h">
      <Filter>Header Files\Resources</Filter>
    </ClInclude>
    <ClInclude Include="..\Libs\TextureLoader\Bitmap.h">
      <Filter>Header Files\Core</Filter>
    </ClInclude>
    <ClInclude Include="..\Libs\TextureLoader\stb_image.h">
      <Filter>Source Files\Core</Filter>
    </ClInclude>
    <ClInclude Include="Code\Resources\ImageTexture.h">
      <Filter>Header Files\Resources</Filter>
    </ClInclude>
    <ClInclude Include="Code\entities\Robot.h">
      <Filter>Header Files\Entities</Filter>
    </ClInclude>
    <ClInclude Include="Code\Components\BasicBone.h">
      <Filter>Header Files\Components</Filter>
    </ClInclude>
    <ClInclude Include="Code\Graphics\TextRender.h">
      <Filter>Header Files\Graphics</Filter>
    </ClInclude>
    <ClInclude Include="Code\Scripts\ScriptManager.h">
      <Filter>Header Files\Scripts</Filter>
    </ClInclude>
    <ClInclude Include="Code\Components\Script.h">
      <Filter>Header Files\Components</Filter>
    </ClInclude>
    <ClInclude Include="Code\Scripts\ClassHelpers.h">
      <Filter>Header Files\Scripts</Filter>
    </ClInclude>
    <ClInclude Include="Code\Resources\GPUModel.h">
      <Filter>Header Files\Resources</Filter>
    </ClInclude>
    <ClInclude Include="Code\Resources\GPUResourceManager.h">
      <Filter>Header Files\Resources</Filter>
    </ClInclude>
    <ClInclude Include="Code\Interfaces\IGPUResource.h">
      <Filter>Header Files\Interfaces</Filter>
    </ClInclude>
    <ClInclude Include="Code\Resources\GPUTexture.h">
      <Filter>Header Files\Resources</Filter>
    </ClInclude>
    <ClInclude Include="Code\Components\MessageKeyMovement.h">
      <Filter>Header Files\Components</Filter>
    </ClInclude>
    <ClInclude Include="Code\Messages\KeyMessage.h">
      <Filter>Header Files\Messages</Filter>
    </ClInclude>
    <ClInclude Include="Code\Components\BoundingBox.h">
      <Filter>Header Files\Components</Filter>
    </ClInclude>
    <ClInclude Include="Code\Components\BoundingVolume.h">
      <Filter>Header Files\Components</Filter>
    </ClInclude>
    <ClInclude Include="Code\Systems\CollisionSystem.h">
      <Filter>Header Files\Systems</Filter>
    </ClInclude>
    <ClInclude Include="Code\Components\BoundingSphere.h">
      <Filter>Header Files\Components</Filter>
    </ClInclude>
    <ClInclude Include="Code\Components\BoundingBoxO.h">
      <Filter>Header Files\Components</Filter>
    </ClInclude>
    <ClInclude Include="Code\Components\BoundingCapsule.h">
      <Filter>Header Files\Components</Filter>
    </ClInclude>
    <ClInclude Include="Code\Messages\CollisionMessage.h">
      <Filter>Header Files\Messages</Filter>
    </ClInclude>
    <ClInclude Include="Code\Systems\PhysicsSystem.h">
      <Filter>Header Files\Systems</Filter>
    </ClInclude>
    <ClInclude Include="Code\Core\Keyboard.h">
      <Filter>Header Files</Filter>
    </ClInclude>
  </ItemGroup>
  <ItemGroup>
    <None Include="Data\Shaders\default.frag" />
    <None Include="Data\Shaders\default.vert" />
    <None Include="data\Shaders\text.frag" />
    <None Include="data\Shaders\text.vert" />
    <None Include="ClassDiagram.cd" />
  </ItemGroup>
</Project>